// !$*UTF8*$!
{
	archiveVersion = 1;
	classes = {
	};
	objectVersion = 50;
	objects = {

/* Begin PBXBuildFile section */
		6C362D802705B578006BE4E2 /* AppDelegate.swift in Sources */ = {isa = PBXBuildFile; fileRef = 6C362D7F2705B578006BE4E2 /* AppDelegate.swift */; };
		6C362D822705B578006BE4E2 /* SceneDelegate.swift in Sources */ = {isa = PBXBuildFile; fileRef = 6C362D812705B578006BE4E2 /* SceneDelegate.swift */; };
		6C362D842705B578006BE4E2 /* ViewController.swift in Sources */ = {isa = PBXBuildFile; fileRef = 6C362D832705B578006BE4E2 /* ViewController.swift */; };
		6C362D872705B578006BE4E2 /* Main.storyboard in Resources */ = {isa = PBXBuildFile; fileRef = 6C362D852705B578006BE4E2 /* Main.storyboard */; };
		6C362D892705B57A006BE4E2 /* Assets.xcassets in Resources */ = {isa = PBXBuildFile; fileRef = 6C362D882705B57A006BE4E2 /* Assets.xcassets */; };
		6C362D8C2705B57A006BE4E2 /* LaunchScreen.storyboard in Resources */ = {isa = PBXBuildFile; fileRef = 6C362D8A2705B57A006BE4E2 /* LaunchScreen.storyboard */; };
		6C362D952705DD75006BE4E2 /* Concentration.swift in Sources */ = {isa = PBXBuildFile; fileRef = 6C362D942705DD75006BE4E2 /* Concentration.swift */; };
		6C362D972705E2AB006BE4E2 /* Card.swift in Sources */ = {isa = PBXBuildFile; fileRef = 6C362D962705E2AB006BE4E2 /* Card.swift */; };
/* End PBXBuildFile section */

/* Begin PBXFileReference section */
		6C362D7C2705B578006BE4E2 /* StanfordApp1.app */ = {isa = PBXFileReference; explicitFileType = wrapper.application; includeInIndex = 0; path = StanfordApp1.app; sourceTree = BUILT_PRODUCTS_DIR; };
		6C362D7F2705B578006BE4E2 /* AppDelegate.swift */ = {isa = PBXFileReference; lastKnownFileType = sourcecode.swift; path = AppDelegate.swift; sourceTree = "<group>"; };
		6C362D812705B578006BE4E2 /* SceneDelegate.swift */ = {isa = PBXFileReference; lastKnownFileType = sourcecode.swift; path = SceneDelegate.swift; sourceTree = "<group>"; };
		6C362D832705B578006BE4E2 /* ViewController.swift */ = {isa = PBXFileReference; lastKnownFileType = sourcecode.swift; path = ViewController.swift; sourceTree = "<group>"; };
		6C362D862705B578006BE4E2 /* Base */ = {isa = PBXFileReference; lastKnownFileType = file.storyboard; name = Base; path = Base.lproj/Main.storyboard; sourceTree = "<group>"; };
		6C362D882705B57A006BE4E2 /* Assets.xcassets */ = {isa = PBXFileReference; lastKnownFileType = folder.assetcatalog; path = Assets.xcassets; sourceTree = "<group>"; };
		6C362D8B2705B57A006BE4E2 /* Base */ = {isa = PBXFileReference; lastKnownFileType = file.storyboard; name = Base; path = Base.lproj/LaunchScreen.storyboard; sourceTree = "<group>"; };
		6C362D8D2705B57A006BE4E2 /* Info.plist */ = {isa = PBXFileReference; lastKnownFileType = text.plist.xml; path = Info.plist; sourceTree = "<group>"; };
		6C362D942705DD75006BE4E2 /* Concentration.swift */ = {isa = PBXFileReference; lastKnownFileType = sourcecode.swift; path = Concentration.swift; sourceTree = "<group>"; };
		6C362D962705E2AB006BE4E2 /* Card.swift */ = {isa = PBXFileReference; lastKnownFileType = sourcecode.swift; path = Card.swift; sourceTree = "<group>"; };
/* End PBXFileReference section */

/* Begin PBXFrameworksBuildPhase section */
		6C362D792705B578006BE4E2 /* Frameworks */ = {
			isa = PBXFrameworksBuildPhase;
			buildActionMask = 2147483647;
			files = (
			);
			runOnlyForDeploymentPostprocessing = 0;
		};
/* End PBXFrameworksBuildPhase section */

/* Begin PBXGroup section */
		6C362D732705B578006BE4E2 = {
			isa = PBXGroup;
			children = (
				6C362D7E2705B578006BE4E2 /* StanfordApp1 */,
				6C362D7D2705B578006BE4E2 /* Products */,
			);
			sourceTree = "<group>";
		};
		6C362D7D2705B578006BE4E2 /* Products */ = {
			isa = PBXGroup;
			children = (
				6C362D7C2705B578006BE4E2 /* StanfordApp1.app */,
			);
			name = Products;
			sourceTree = "<group>";
		};
		6C362D7E2705B578006BE4E2 /* StanfordApp1 */ = {
			isa = PBXGroup;
			children = (
				6C362D832705B578006BE4E2 /* ViewController.swift */,
				6C362D942705DD75006BE4E2 /* Concentration.swift */,
				6C362D962705E2AB006BE4E2 /* Card.swift */,
				6C362D852705B578006BE4E2 /* Main.storyboard */,
				6C362D8D2705B57A006BE4E2 /* Info.plist */,
				6C362D932705DD36006BE4E2 /* Supporting files */,
			);
			path = StanfordApp1;
			sourceTree = "<group>";
		};
		6C362D932705DD36006BE4E2 /* Supporting files */ = {
			isa = PBXGroup;
			children = (
				6C362D7F2705B578006BE4E2 /* AppDelegate.swift */,
				6C362D812705B578006BE4E2 /* SceneDelegate.swift */,
				6C362D882705B57A006BE4E2 /* Assets.xcassets */,
				6C362D8A2705B57A006BE4E2 /* LaunchScreen.storyboard */,
			);
			path = "Supporting files";
			sourceTree = "<group>";
		};
/* End PBXGroup section */

/* Begin PBXNativeTarget section */
		6C362D7B2705B578006BE4E2 /* StanfordApp1 */ = {
			isa = PBXNativeTarget;
			buildConfigurationList = 6C362D902705B57A006BE4E2 /* Build configuration list for PBXNativeTarget "StanfordApp1" */;
			buildPhases = (
				6C362D782705B578006BE4E2 /* Sources */,
				6C362D792705B578006BE4E2 /* Frameworks */,
				6C362D7A2705B578006BE4E2 /* Resources */,
			);
			buildRules = (
			);
			dependencies = (
			);
			name = StanfordApp1;
			productName = StanfordApp1;
			productReference = 6C362D7C2705B578006BE4E2 /* StanfordApp1.app */;
			productType = "com.apple.product-type.application";
		};
/* End PBXNativeTarget section */

/* Begin PBXProject section */
		6C362D742705B578006BE4E2 /* Project object */ = {
			isa = PBXProject;
			attributes = {
				LastSwiftUpdateCheck = 1250;
				LastUpgradeCheck = 1250;
				TargetAttributes = {
					6C362D7B2705B578006BE4E2 = {
						CreatedOnToolsVersion = 12.5.1;
					};
				};
			};
			buildConfigurationList = 6C362D772705B578006BE4E2 /* Build configuration list for PBXProject "StanfordApp1" */;
			compatibilityVersion = "Xcode 9.3";
			developmentRegion = en;
			hasScannedForEncodings = 0;
			knownRegions = (
				en,
				Base,
			);
			mainGroup = 6C362D732705B578006BE4E2;
			productRefGroup = 6C362D7D2705B578006BE4E2 /* Products */;
			projectDirPath = "";
			projectRoot = "";
			targets = (
				6C362D7B2705B578006BE4E2 /* StanfordApp1 */,
			);
		};
/* End PBXProject section */

/* Begin PBXResourcesBuildPhase section */
		6C362D7A2705B578006BE4E2 /* Resources */ = {
			isa = PBXResourcesBuildPhase;
			buildActionMask = 2147483647;
			files = (
				6C362D8C2705B57A006BE4E2 /* LaunchScreen.storyboard in Resources */,
				6C362D892705B57A006BE4E2 /* Assets.xcassets in Resources */,
				6C362D872705B578006BE4E2 /* Main.storyboard in Resources */,
			);
			runOnlyForDeploymentPostprocessing = 0;
		};
/* End PBXResourcesBuildPhase section */

/* Begin PBXSourcesBuildPhase section */
		6C362D782705B578006BE4E2 /* Sources */ = {
			isa = PBXSourcesBuildPhase;
			buildActionMask = 2147483647;
			files = (
				6C362D842705B578006BE4E2 /* ViewController.swift in Sources */,
				6C362D952705DD75006BE4E2 /* Concentration.swift in Sources */,
				6C362D972705E2AB006BE4E2 /* Card.swift in Sources */,
				6C362D802705B578006BE4E2 /* AppDelegate.swift in Sources */,
				6C362D822705B578006BE4E2 /* SceneDelegate.swift in Sources */,
			);
			runOnlyForDeploymentPostprocessing = 0;
		};
/* End PBXSourcesBuildPhase section */

/* Begin PBXVariantGroup section */
		6C362D852705B578006BE4E2 /* Main.storyboard */ = {
			isa = PBXVariantGroup;
			children = (
				6C362D862705B578006BE4E2 /* Base */,
			);
			name = Main.storyboard;
			sourceTree = "<group>";
		};
		6C362D8A2705B57A006BE4E2 /* LaunchScreen.storyboard */ = {
			isa = PBXVariantGroup;
			children = (
				6C362D8B2705B57A006BE4E2 /* Base */,
			);
			name = LaunchScreen.storyboard;
			sourceTree = "<group>";
		};
/* End PBXVariantGroup section */

/* Begin XCBuildConfiguration section */
		6C362D8E2705B57A006BE4E2 /* Debug */ = {
			isa = XCBuildConfiguration;
			buildSettings = {
				ALWAYS_SEARCH_USER_PATHS = NO;
				CLANG_ANALYZER_NONNULL = YES;
				CLANG_ANALYZER_NUMBER_OBJECT_CONVERSION = YES_AGGRESSIVE;
				CLANG_CXX_LANGUAGE_STANDARD = "gnu++14";
				CLANG_CXX_LIBRARY = "libc++";
				CLANG_ENABLE_MODULES = YES;
				CLANG_ENABLE_OBJC_ARC = YES;
				CLANG_ENABLE_OBJC_WEAK = YES;
				CLANG_WARN_BLOCK_CAPTURE_AUTORELEASING = YES;
				CLANG_WARN_BOOL_CONVERSION = YES;
				CLANG_WARN_COMMA = YES;
				CLANG_WARN_CONSTANT_CONVERSION = YES;
				CLANG_WARN_DEPRECATED_OBJC_IMPLEMENTATIONS = YES;
				CLANG_WARN_DIRECT_OBJC_ISA_USAGE = YES_ERROR;
				CLANG_WARN_DOCUMENTATION_COMMENTS = YES;
				CLANG_WARN_EMPTY_BODY = YES;
				CLANG_WARN_ENUM_CONVERSION = YES;
				CLANG_WARN_INFINITE_RECURSION = YES;
				CLANG_WARN_INT_CONVERSION = YES;
				CLANG_WARN_NON_LITERAL_NULL_CONVERSION = YES;
				CLANG_WARN_OBJC_IMPLICIT_RETAIN_SELF = YES;
				CLANG_WARN_OBJC_LITERAL_CONVERSION = YES;
				CLANG_WARN_OBJC_ROOT_CLASS = YES_ERROR;
				CLANG_WARN_QUOTED_INCLUDE_IN_FRAMEWORK_HEADER = YES;
				CLANG_WARN_RANGE_LOOP_ANALYSIS = YES;
				CLANG_WARN_STRICT_PROTOTYPES = YES;
				CLANG_WARN_SUSPICIOUS_MOVE = YES;
				CLANG_WARN_UNGUARDED_AVAILABILITY = YES_AGGRESSIVE;
				CLANG_WARN_UNREACHABLE_CODE = YES;
				CLANG_WARN__DUPLICATE_METHOD_MATCH = YES;
				COPY_PHASE_STRIP = NO;
				DEBUG_INFORMATION_FORMAT = dwarf;
				ENABLE_STRICT_OBJC_MSGSEND = YES;
				ENABLE_TESTABILITY = YES;
				GCC_C_LANGUAGE_STANDARD = gnu11;
				GCC_DYNAMIC_NO_PIC = NO;
				GCC_NO_COMMON_BLOCKS = YES;
				GCC_OPTIMIZATION_LEVEL = 0;
				GCC_PREPROCESSOR_DEFINITIONS = (
					"DEBUG=1",
					"$(inherited)",
				);
				GCC_WARN_64_TO_32_BIT_CONVERSION = YES;
				GCC_WARN_ABOUT_RETURN_TYPE = YES_ERROR;
				GCC_WARN_UNDECLARED_SELECTOR = YES;
				GCC_WARN_UNINITIALIZED_AUTOS = YES_AGGRESSIVE;
				GCC_WARN_UNUSED_FUNCTION = YES;
				GCC_WARN_UNUSED_VARIABLE = YES;
				IPHONEOS_DEPLOYMENT_TARGET = 14.5;
				MTL_ENABLE_DEBUG_INFO = INCLUDE_SOURCE;
				MTL_FAST_MATH = YES;
				ONLY_ACTIVE_ARCH = YES;
				SDKROOT = iphoneos;
				SWIFT_ACTIVE_COMPILATION_CONDITIONS = DEBUG;
				SWIFT_OPTIMIZATION_LEVEL = "-Onone";
			};
			name = Debug;
		};
		6C362D8F2705B57A006BE4E2 /* Release */ = {
			isa = XCBuildConfiguration;
			buildSettings = {
				ALWAYS_SEARCH_USER_PATHS = NO;
				CLANG_ANALYZER_NONNULL = YES;
				CLANG_ANALYZER_NUMBER_OBJECT_CONVERSION = YES_AGGRESSIVE;
				CLANG_CXX_LANGUAGE_STANDARD = "gnu++14";
				CLANG_CXX_LIBRARY = "libc++";
				CLANG_ENABLE_MODULES = YES;
				CLANG_ENABLE_OBJC_ARC = YES;
				CLANG_ENABLE_OBJC_WEAK = YES;
				CLANG_WARN_BLOCK_CAPTURE_AUTORELEASING = YES;
				CLANG_WARN_BOOL_CONVERSION = YES;
				CLANG_WARN_COMMA = YES;
				CLANG_WARN_CONSTANT_CONVERSION = YES;
				CLANG_WARN_DEPRECATED_OBJC_IMPLEMENTATIONS = YES;
				CLANG_WARN_DIRECT_OBJC_ISA_USAGE = YES_ERROR;
				CLANG_WARN_DOCUMENTATION_COMMENTS = YES;
				CLANG_WARN_EMPTY_BODY = YES;
				CLANG_WARN_ENUM_CONVERSION = YES;
				CLANG_WARN_INFINITE_RECURSION = YES;
				CLANG_WARN_INT_CONVERSION = YES;
				CLANG_WARN_NON_LITERAL_NULL_CONVERSION = YES;
				CLANG_WARN_OBJC_IMPLICIT_RETAIN_SELF = YES;
				CLANG_WARN_OBJC_LITERAL_CONVERSION = YES;
				CLANG_WARN_OBJC_ROOT_CLASS = YES_ERROR;
				CLANG_WARN_QUOTED_INCLUDE_IN_FRAMEWORK_HEADER = YES;
				CLANG_WARN_RANGE_LOOP_ANALYSIS = YES;
				CLANG_WARN_STRICT_PROTOTYPES = YES;
				CLANG_WARN_SUSPICIOUS_MOVE = YES;
				CLANG_WARN_UNGUARDED_AVAILABILITY = YES_AGGRESSIVE;
				CLANG_WARN_UNREACHABLE_CODE = YES;
				CLANG_WARN__DUPLICATE_METHOD_MATCH = YES;
				COPY_PHASE_STRIP = NO;
				DEBUG_INFORMATION_FORMAT = "dwarf-with-dsym";
				ENABLE_NS_ASSERTIONS = NO;
				ENABLE_STRICT_OBJC_MSGSEND = YES;
				GCC_C_LANGUAGE_STANDARD = gnu11;
				GCC_NO_COMMON_BLOCKS = YES;
				GCC_WARN_64_TO_32_BIT_CONVERSION = YES;
				GCC_WARN_ABOUT_RETURN_TYPE = YES_ERROR;
				GCC_WARN_UNDECLARED_SELECTOR = YES;
				GCC_WARN_UNINITIALIZED_AUTOS = YES_AGGRESSIVE;
				GCC_WARN_UNUSED_FUNCTION = YES;
				GCC_WARN_UNUSED_VARIABLE = YES;
				IPHONEOS_DEPLOYMENT_TARGET = 14.5;
				MTL_ENABLE_DEBUG_INFO = NO;
				MTL_FAST_MATH = YES;
				SDKROOT = iphoneos;
				SWIFT_COMPILATION_MODE = wholemodule;
				SWIFT_OPTIMIZATION_LEVEL = "-O";
				VALIDATE_PRODUCT = YES;
			};
			name = Release;
		};
		6C362D912705B57A006BE4E2 /* Debug */ = {
			isa = XCBuildConfiguration;
			buildSettings = {
				ASSETCATALOG_COMPILER_APPICON_NAME = AppIcon;
				ASSETCATALOG_COMPILER_GLOBAL_ACCENT_COLOR_NAME = AccentColor;
				CODE_SIGN_STYLE = Automatic;
				INFOPLIST_FILE = StanfordApp1/Info.plist;
				LD_RUNPATH_SEARCH_PATHS = (
					"$(inherited)",
					"@executable_path/Frameworks",
				);
				PRODUCT_BUNDLE_IDENTIFIER = DemirDereli.StanfordApp1;
				PRODUCT_NAME = "$(TARGET_NAME)";
				SWIFT_VERSION = 5.0;
				TARGETED_DEVICE_FAMILY = "1,2";
			};
			name = Debug;
		};
		6C362D922705B57A006BE4E2 /* Release */ = {
			isa = XCBuildConfiguration;
			buildSettings = {
				ASSETCATALOG_COMPILER_APPICON_NAME = AppIcon;
				ASSETCATALOG_COMPILER_GLOBAL_ACCENT_COLOR_NAME = AccentColor;
				CODE_SIGN_STYLE = Automatic;
				INFOPLIST_FILE = StanfordApp1/Info.plist;
				LD_RUNPATH_SEARCH_PATHS = (
					"$(inherited)",
					"@executable_path/Frameworks",
				);
				PRODUCT_BUNDLE_IDENTIFIER = DemirDereli.StanfordApp1;
				PRODUCT_NAME = "$(TARGET_NAME)";
				SWIFT_VERSION = 5.0;
				TARGETED_DEVICE_FAMILY = "1,2";
			};
			name = Release;
		};
/* End XCBuildConfiguration section */

/* Begin XCConfigurationList section */
		6C362D772705B578006BE4E2 /* Build configuration list for PBXProject "StanfordApp1" */ = {
			isa = XCConfigurationList;
			buildConfigurations = (
				6C362D8E2705B57A006BE4E2 /* Debug */,
				6C362D8F2705B57A006BE4E2 /* Release */,
			);
			defaultConfigurationIsVisible = 0;
			defaultConfigurationName = Release;
		};
		6C362D902705B57A006BE4E2 /* Build configuration list for PBXNativeTarget "StanfordApp1" */ = {
			isa = XCConfigurationList;
			buildConfigurations = (
				6C362D912705B57A006BE4E2 /* Debug */,
				6C362D922705B57A006BE4E2 /* Release */,
			);
			defaultConfigurationIsVisible = 0;
			defaultConfigurationName = Release;
		};
/* End XCConfigurationList section */
	};
	rootObject = 6C362D742705B578006BE4E2 /* Project object */;
}
